{
  "name": "mailtrain-locales-extractor",
  "version": "2.0.0",
  "lockfileVersion": 1,
  "requires": true,
  "dependencies": {
    "acorn": {
      "version": "6.0.4",
      "resolved": "https://registry.npmjs.org/acorn/-/acorn-6.0.4.tgz",
      "integrity": "sha512-VY4i5EKSKkofY2I+6QLTbTTN/UvEQPCo6eiwzzSaSWfpaDhOmStMCMod6wmuPciNq+XS0faCglFu2lHZpdHUtg=="
    },
    "acorn-jsx": {
      "version": "5.0.0",
      "resolved": "https://registry.npmjs.org/acorn-jsx/-/acorn-jsx-5.0.0.tgz",
      "integrity": "sha512-XkB50fn0MURDyww9+UYL3c1yLbOBz0ZFvrdYlGB8l+Ije1oSC75qAqrzSPjYQbdnQUzhlUGNKuesryAv0gxZOg=="
    },
    "camelcase": {
      "version": "5.0.0",
      "resolved": "https://registry.npmjs.org/camelcase/-/camelcase-5.0.0.tgz",
      "integrity": "sha512-faqwZqnWxbxn+F1d399ygeamQNy3lPp/H9H6rNrqYh4FSVCtcY+3cub1MxA8o9mDd55mM8Aghuu/kuyYA6VTsA=="
    },
    "ellipsize": {
      "version": "0.1.0",
      "resolved": "https://registry.npmjs.org/ellipsize/-/ellipsize-0.1.0.tgz",
      "integrity": "sha1-nUNoLUS5GtFuvYQmisEDFwplU/g="
    },
    "graceful-fs": {
      "version": "4.1.15",
      "resolved": "https://registry.npmjs.org/graceful-fs/-/graceful-fs-4.1.15.tgz",
      "integrity": "sha512-6uHUhOPEBgQ24HM+r6b/QwWfZq+yiFcipKFrOFiBEnWdy5sdzYoi+pJeQaPI5qOLRFqWmAXUPQNsielzdLoecA=="
    },
    "klaw-sync": {
      "version": "6.0.0",
      "resolved": "https://registry.npmjs.org/klaw-sync/-/klaw-sync-6.0.0.tgz",
      "integrity": "sha512-nIeuVSzdCCs6TDPTqI8w1Yre34sSq7AkZ4B3sfOBbI2CgVSB4Du4aLQijFU2+lhAFCwt9+42Hel6lQNIv6AntQ==",
      "requires": {
        "graceful-fs": "^4.1.11"
      }
    },
    "slugify": {
      "version": "1.3.3",
      "resolved": "https://registry.npmjs.org/slugify/-/slugify-1.3.3.tgz",
      "integrity": "sha512-aFvcXobuowA7RqU4IBVJvqmhkREDIqsj4oIJKk6JuZ5EO1PCwtAAwDCl8TdsMs4J9zCoDAVkB9FLUElDjNcRSg=="
    }
  }
}
